{
  "name": "Logic-Scrapmechanic-Transpiler",
  "lockfileVersion": 2,
  "requires": true,
  "packages": {
    "": {
      "dependencies": {
        "konva": "^8.3.9"
      }
    },
    "node_modules/konva": {
      "version": "8.3.9",
      "resolved": "https://registry.npmjs.org/konva/-/konva-8.3.9.tgz",
      "integrity": "sha512-vZ7f4Y1LMMOkvfFCGoHt0CoanKdpv81gZC4Q4pnIBO6vHEBx+1KBdH6NR5ORd+HOkGwkRXTVPbFokrYkBSWo1g==",
      "funding": [
        {
          "type": "patreon",
          "url": "https://www.patreon.com/lavrton"
        },
        {
          "type": "opencollective",
          "url": "https://opencollective.com/konva"
        },
        {
          "type": "github",
          "url": "https://github.com/sponsors/lavrton"
        }
      ]
    }
  },
  "dependencies": {
    "konva": {
      "version": "8.3.9",
      "resolved": "https://registry.npmjs.org/konva/-/konva-8.3.9.tgz",
      "integrity": "sha512-vZ7f4Y1LMMOkvfFCGoHt0CoanKdpv81gZC4Q4pnIBO6vHEBx+1KBdH6NR5ORd+HOkGwkRXTVPbFokrYkBSWo1g=="
    }
  }
}
